// !$*UTF8*$!
{
	archiveVersion = 1;
	classes = {
	};
	objectVersion = 55;
	objects = {

/* Begin PBXBuildFile section */
		FA75D7982AE9A2F4003D5C2A /* AppDelegate.swift in Sources */ = {isa = PBXBuildFile; fileRef = FA75D7972AE9A2F4003D5C2A /* AppDelegate.swift */; };
		FA75D79A2AE9A2F4003D5C2A /* SceneDelegate.swift in Sources */ = {isa = PBXBuildFile; fileRef = FA75D7992AE9A2F4003D5C2A /* SceneDelegate.swift */; };
		FA75D79F2AE9A2F4003D5C2A /* Main.storyboard in Resources */ = {isa = PBXBuildFile; fileRef = FA75D79D2AE9A2F4003D5C2A /* Main.storyboard */; };
		FA75D7A22AE9A2F4003D5C2A /* CoreDataApp.xcdatamodeld in Sources */ = {isa = PBXBuildFile; fileRef = FA75D7A02AE9A2F4003D5C2A /* CoreDataApp.xcdatamodeld */; };
		FA75D7A42AE9A2F8003D5C2A /* Assets.xcassets in Resources */ = {isa = PBXBuildFile; fileRef = FA75D7A32AE9A2F8003D5C2A /* Assets.xcassets */; };
		FA75D7A72AE9A2F8003D5C2A /* LaunchScreen.storyboard in Resources */ = {isa = PBXBuildFile; fileRef = FA75D7A52AE9A2F8003D5C2A /* LaunchScreen.storyboard */; };
		FA75D7B32AE9B1E6003D5C2A /* CategoryTVC.swift in Sources */ = {isa = PBXBuildFile; fileRef = FA75D7B22AE9B1E6003D5C2A /* CategoryTVC.swift */; };
		FA75D7B52AE9B1FD003D5C2A /* ToDoListTVC.swift in Sources */ = {isa = PBXBuildFile; fileRef = FA75D7B42AE9B1FD003D5C2A /* ToDoListTVC.swift */; };
/* End PBXBuildFile section */

/* Begin PBXFileReference section */
		FA75D7942AE9A2F4003D5C2A /* CoreDataApp.app */ = {isa = PBXFileReference; explicitFileType = wrapper.application; includeInIndex = 0; path = CoreDataApp.app; sourceTree = BUILT_PRODUCTS_DIR; };
		FA75D7972AE9A2F4003D5C2A /* AppDelegate.swift */ = {isa = PBXFileReference; lastKnownFileType = sourcecode.swift; path = AppDelegate.swift; sourceTree = "<group>"; };
		FA75D7992AE9A2F4003D5C2A /* SceneDelegate.swift */ = {isa = PBXFileReference; lastKnownFileType = sourcecode.swift; path = SceneDelegate.swift; sourceTree = "<group>"; };
		FA75D79E2AE9A2F4003D5C2A /* Base */ = {isa = PBXFileReference; lastKnownFileType = file.storyboard; name = Base; path = Base.lproj/Main.storyboard; sourceTree = "<group>"; };
		FA75D7A12AE9A2F4003D5C2A /* CoreDataApp.xcdatamodel */ = {isa = PBXFileReference; lastKnownFileType = wrapper.xcdatamodel; path = CoreDataApp.xcdatamodel; sourceTree = "<group>"; };
		FA75D7A32AE9A2F8003D5C2A /* Assets.xcassets */ = {isa = PBXFileReference; lastKnownFileType = folder.assetcatalog; path = Assets.xcassets; sourceTree = "<group>"; };
		FA75D7A62AE9A2F8003D5C2A /* Base */ = {isa = PBXFileReference; lastKnownFileType = file.storyboard; name = Base; path = Base.lproj/LaunchScreen.storyboard; sourceTree = "<group>"; };
		FA75D7A82AE9A2F8003D5C2A /* Info.plist */ = {isa = PBXFileReference; lastKnownFileType = text.plist.xml; path = Info.plist; sourceTree = "<group>"; };
		FA75D7B22AE9B1E6003D5C2A /* CategoryTVC.swift */ = {isa = PBXFileReference; lastKnownFileType = sourcecode.swift; path = CategoryTVC.swift; sourceTree = "<group>"; };
		FA75D7B42AE9B1FD003D5C2A /* ToDoListTVC.swift */ = {isa = PBXFileReference; lastKnownFileType = sourcecode.swift; path = ToDoListTVC.swift; sourceTree = "<group>"; };
/* End PBXFileReference section */

/* Begin PBXFrameworksBuildPhase section */
		FA75D7912AE9A2F4003D5C2A /* Frameworks */ = {
			isa = PBXFrameworksBuildPhase;
			buildActionMask = 2147483647;
			files = (
			);
			runOnlyForDeploymentPostprocessing = 0;
		};
/* End PBXFrameworksBuildPhase section */

/* Begin PBXGroup section */
		FA75D78B2AE9A2F4003D5C2A = {
			isa = PBXGroup;
			children = (
				FA75D7962AE9A2F4003D5C2A /* CoreDataApp */,
				FA75D7952AE9A2F4003D5C2A /* Products */,
			);
			sourceTree = "<group>";
		};
		FA75D7952AE9A2F4003D5C2A /* Products */ = {
			isa = PBXGroup;
			children = (
				FA75D7942AE9A2F4003D5C2A /* CoreDataApp.app */,
			);
			name = Products;
			sourceTree = "<group>";
		};
		FA75D7962AE9A2F4003D5C2A /* CoreDataApp */ = {
			isa = PBXGroup;
			children = (
				FA75D7B12AE9A69C003D5C2A /* Models */,
				FA75D7AF2AE9A375003D5C2A /* Controllers */,
				FA75D7B02AE9A381003D5C2A /* Views */,
				FA75D7A32AE9A2F8003D5C2A /* Assets.xcassets */,
				FA75D7A82AE9A2F8003D5C2A /* Info.plist */,
				FA75D7AE2AE9A36E003D5C2A /* App */,
			);
			path = CoreDataApp;
			sourceTree = "<group>";
		};
		FA75D7AE2AE9A36E003D5C2A /* App */ = {
			isa = PBXGroup;
			children = (
				FA75D7972AE9A2F4003D5C2A /* AppDelegate.swift */,
				FA75D7992AE9A2F4003D5C2A /* SceneDelegate.swift */,
			);
			path = App;
			sourceTree = "<group>";
		};
		FA75D7AF2AE9A375003D5C2A /* Controllers */ = {
			isa = PBXGroup;
			children = (
				FA75D7B22AE9B1E6003D5C2A /* CategoryTVC.swift */,
				FA75D7B42AE9B1FD003D5C2A /* ToDoListTVC.swift */,
			);
			path = Controllers;
			sourceTree = "<group>";
		};
		FA75D7B02AE9A381003D5C2A /* Views */ = {
			isa = PBXGroup;
			children = (
				FA75D79D2AE9A2F4003D5C2A /* Main.storyboard */,
				FA75D7A52AE9A2F8003D5C2A /* LaunchScreen.storyboard */,
			);
			path = Views;
			sourceTree = "<group>";
		};
		FA75D7B12AE9A69C003D5C2A /* Models */ = {
			isa = PBXGroup;
			children = (
				FA75D7A02AE9A2F4003D5C2A /* CoreDataApp.xcdatamodeld */,
			);
			path = Models;
			sourceTree = "<group>";
		};
/* End PBXGroup section */

/* Begin PBXNativeTarget section */
		FA75D7932AE9A2F4003D5C2A /* CoreDataApp */ = {
			isa = PBXNativeTarget;
			buildConfigurationList = FA75D7AB2AE9A2F8003D5C2A /* Build configuration list for PBXNativeTarget "CoreDataApp" */;
			buildPhases = (
				FA75D7902AE9A2F4003D5C2A /* Sources */,
				FA75D7912AE9A2F4003D5C2A /* Frameworks */,
				FA75D7922AE9A2F4003D5C2A /* Resources */,
			);
			buildRules = (
			);
			dependencies = (
			);
			name = CoreDataApp;
			productName = CoreDataApp;
			productReference = FA75D7942AE9A2F4003D5C2A /* CoreDataApp.app */;
			productType = "com.apple.product-type.application";
		};
/* End PBXNativeTarget section */

/* Begin PBXProject section */
		FA75D78C2AE9A2F4003D5C2A /* Project object */ = {
			isa = PBXProject;
			attributes = {
				BuildIndependentTargetsInParallel = 1;
				LastSwiftUpdateCheck = 1340;
				LastUpgradeCheck = 1340;
				TargetAttributes = {
					FA75D7932AE9A2F4003D5C2A = {
						CreatedOnToolsVersion = 13.4.1;
					};
				};
			};
			buildConfigurationList = FA75D78F2AE9A2F4003D5C2A /* Build configuration list for PBXProject "CoreDataApp" */;
			compatibilityVersion = "Xcode 13.0";
			developmentRegion = en;
			hasScannedForEncodings = 0;
			knownRegions = (
				en,
				Base,
			);
			mainGroup = FA75D78B2AE9A2F4003D5C2A;
			productRefGroup = FA75D7952AE9A2F4003D5C2A /* Products */;
			projectDirPath = "";
			projectRoot = "";
			targets = (
				FA75D7932AE9A2F4003D5C2A /* CoreDataApp */,
			);
		};
/* End PBXProject section */

/* Begin PBXResourcesBuildPhase section */
		FA75D7922AE9A2F4003D5C2A /* Resources */ = {
			isa = PBXResourcesBuildPhase;
			buildActionMask = 2147483647;
			files = (
				FA75D7A72AE9A2F8003D5C2A /* LaunchScreen.storyboard in Resources */,
				FA75D7A42AE9A2F8003D5C2A /* Assets.xcassets in Resources */,
				FA75D79F2AE9A2F4003D5C2A /* Main.storyboard in Resources */,
			);
			runOnlyForDeploymentPostprocessing = 0;
		};
/* End PBXResourcesBuildPhase section */

/* Begin PBXSourcesBuildPhase section */
		FA75D7902AE9A2F4003D5C2A /* Sources */ = {
			isa = PBXSourcesBuildPhase;
			buildActionMask = 2147483647;
			files = (
				FA75D7A22AE9A2F4003D5C2A /* CoreDataApp.xcdatamodeld in Sources */,
				FA75D7982AE9A2F4003D5C2A /* AppDelegate.swift in Sources */,
				FA75D7B52AE9B1FD003D5C2A /* ToDoListTVC.swift in Sources */,
				FA75D79A2AE9A2F4003D5C2A /* SceneDelegate.swift in Sources */,
				FA75D7B32AE9B1E6003D5C2A /* CategoryTVC.swift in Sources */,
			);
			runOnlyForDeploymentPostprocessing = 0;
		};
/* End PBXSourcesBuildPhase section */

/* Begin PBXVariantGroup section */
		FA75D79D2AE9A2F4003D5C2A /* Main.storyboard */ = {
			isa = PBXVariantGroup;
			children = (
				FA75D79E2AE9A2F4003D5C2A /* Base */,
			);
			name = Main.storyboard;
			sourceTree = "<group>";
		};
		FA75D7A52AE9A2F8003D5C2A /* LaunchScreen.storyboard */ = {
			isa = PBXVariantGroup;
			children = (
				FA75D7A62AE9A2F8003D5C2A /* Base */,
			);
			name = LaunchScreen.storyboard;
			sourceTree = "<group>";
		};
/* End PBXVariantGroup section */

/* Begin XCBuildConfiguration section */
		FA75D7A92AE9A2F8003D5C2A /* Debug */ = {
			isa = XCBuildConfiguration;
			buildSettings = {
				ALWAYS_SEARCH_USER_PATHS = NO;
				CLANG_ANALYZER_NONNULL = YES;
				CLANG_ANALYZER_NUMBER_OBJECT_CONVERSION = YES_AGGRESSIVE;
				CLANG_CXX_LANGUAGE_STANDARD = "gnu++17";
				CLANG_ENABLE_MODULES = YES;
				CLANG_ENABLE_OBJC_ARC = YES;
				CLANG_ENABLE_OBJC_WEAK = YES;
				CLANG_WARN_BLOCK_CAPTURE_AUTORELEASING = YES;
				CLANG_WARN_BOOL_CONVERSION = YES;
				CLANG_WARN_COMMA = YES;
				CLANG_WARN_CONSTANT_CONVERSION = YES;
				CLANG_WARN_DEPRECATED_OBJC_IMPLEMENTATIONS = YES;
				CLANG_WARN_DIRECT_OBJC_ISA_USAGE = YES_ERROR;
				CLANG_WARN_DOCUMENTATION_COMMENTS = YES;
				CLANG_WARN_EMPTY_BODY = YES;
				CLANG_WARN_ENUM_CONVERSION = YES;
				CLANG_WARN_INFINITE_RECURSION = YES;
				CLANG_WARN_INT_CONVERSION = YES;
				CLANG_WARN_NON_LITERAL_NULL_CONVERSION = YES;
				CLANG_WARN_OBJC_IMPLICIT_RETAIN_SELF = YES;
				CLANG_WARN_OBJC_LITERAL_CONVERSION = YES;
				CLANG_WARN_OBJC_ROOT_CLASS = YES_ERROR;
				CLANG_WARN_QUOTED_INCLUDE_IN_FRAMEWORK_HEADER = YES;
				CLANG_WARN_RANGE_LOOP_ANALYSIS = YES;
				CLANG_WARN_STRICT_PROTOTYPES = YES;
				CLANG_WARN_SUSPICIOUS_MOVE = YES;
				CLANG_WARN_UNGUARDED_AVAILABILITY = YES_AGGRESSIVE;
				CLANG_WARN_UNREACHABLE_CODE = YES;
				CLANG_WARN__DUPLICATE_METHOD_MATCH = YES;
				COPY_PHASE_STRIP = NO;
				DEBUG_INFORMATION_FORMAT = dwarf;
				ENABLE_STRICT_OBJC_MSGSEND = YES;
				ENABLE_TESTABILITY = YES;
				GCC_C_LANGUAGE_STANDARD = gnu11;
				GCC_DYNAMIC_NO_PIC = NO;
				GCC_NO_COMMON_BLOCKS = YES;
				GCC_OPTIMIZATION_LEVEL = 0;
				GCC_PREPROCESSOR_DEFINITIONS = (
					"DEBUG=1",
					"$(inherited)",
				);
				GCC_WARN_64_TO_32_BIT_CONVERSION = YES;
				GCC_WARN_ABOUT_RETURN_TYPE = YES_ERROR;
				GCC_WARN_UNDECLARED_SELECTOR = YES;
				GCC_WARN_UNINITIALIZED_AUTOS = YES_AGGRESSIVE;
				GCC_WARN_UNUSED_FUNCTION = YES;
				GCC_WARN_UNUSED_VARIABLE = YES;
				IPHONEOS_DEPLOYMENT_TARGET = 15.5;
				MTL_ENABLE_DEBUG_INFO = INCLUDE_SOURCE;
				MTL_FAST_MATH = YES;
				ONLY_ACTIVE_ARCH = YES;
				SDKROOT = iphoneos;
				SWIFT_ACTIVE_COMPILATION_CONDITIONS = DEBUG;
				SWIFT_OPTIMIZATION_LEVEL = "-Onone";
			};
			name = Debug;
		};
		FA75D7AA2AE9A2F8003D5C2A /* Release */ = {
			isa = XCBuildConfiguration;
			buildSettings = {
				ALWAYS_SEARCH_USER_PATHS = NO;
				CLANG_ANALYZER_NONNULL = YES;
				CLANG_ANALYZER_NUMBER_OBJECT_CONVERSION = YES_AGGRESSIVE;
				CLANG_CXX_LANGUAGE_STANDARD = "gnu++17";
				CLANG_ENABLE_MODULES = YES;
				CLANG_ENABLE_OBJC_ARC = YES;
				CLANG_ENABLE_OBJC_WEAK = YES;
				CLANG_WARN_BLOCK_CAPTURE_AUTORELEASING = YES;
				CLANG_WARN_BOOL_CONVERSION = YES;
				CLANG_WARN_COMMA = YES;
				CLANG_WARN_CONSTANT_CONVERSION = YES;
				CLANG_WARN_DEPRECATED_OBJC_IMPLEMENTATIONS = YES;
				CLANG_WARN_DIRECT_OBJC_ISA_USAGE = YES_ERROR;
				CLANG_WARN_DOCUMENTATION_COMMENTS = YES;
				CLANG_WARN_EMPTY_BODY = YES;
				CLANG_WARN_ENUM_CONVERSION = YES;
				CLANG_WARN_INFINITE_RECURSION = YES;
				CLANG_WARN_INT_CONVERSION = YES;
				CLANG_WARN_NON_LITERAL_NULL_CONVERSION = YES;
				CLANG_WARN_OBJC_IMPLICIT_RETAIN_SELF = YES;
				CLANG_WARN_OBJC_LITERAL_CONVERSION = YES;
				CLANG_WARN_OBJC_ROOT_CLASS = YES_ERROR;
				CLANG_WARN_QUOTED_INCLUDE_IN_FRAMEWORK_HEADER = YES;
				CLANG_WARN_RANGE_LOOP_ANALYSIS = YES;
				CLANG_WARN_STRICT_PROTOTYPES = YES;
				CLANG_WARN_SUSPICIOUS_MOVE = YES;
				CLANG_WARN_UNGUARDED_AVAILABILITY = YES_AGGRESSIVE;
				CLANG_WARN_UNREACHABLE_CODE = YES;
				CLANG_WARN__DUPLICATE_METHOD_MATCH = YES;
				COPY_PHASE_STRIP = NO;
				DEBUG_INFORMATION_FORMAT = "dwarf-with-dsym";
				ENABLE_NS_ASSERTIONS = NO;
				ENABLE_STRICT_OBJC_MSGSEND = YES;
				GCC_C_LANGUAGE_STANDARD = gnu11;
				GCC_NO_COMMON_BLOCKS = YES;
				GCC_WARN_64_TO_32_BIT_CONVERSION = YES;
				GCC_WARN_ABOUT_RETURN_TYPE = YES_ERROR;
				GCC_WARN_UNDECLARED_SELECTOR = YES;
				GCC_WARN_UNINITIALIZED_AUTOS = YES_AGGRESSIVE;
				GCC_WARN_UNUSED_FUNCTION = YES;
				GCC_WARN_UNUSED_VARIABLE = YES;
				IPHONEOS_DEPLOYMENT_TARGET = 15.5;
				MTL_ENABLE_DEBUG_INFO = NO;
				MTL_FAST_MATH = YES;
				SDKROOT = iphoneos;
				SWIFT_COMPILATION_MODE = wholemodule;
				SWIFT_OPTIMIZATION_LEVEL = "-O";
				VALIDATE_PRODUCT = YES;
			};
			name = Release;
		};
		FA75D7AC2AE9A2F8003D5C2A /* Debug */ = {
			isa = XCBuildConfiguration;
			buildSettings = {
				ASSETCATALOG_COMPILER_APPICON_NAME = AppIcon;
				ASSETCATALOG_COMPILER_GLOBAL_ACCENT_COLOR_NAME = AccentColor;
				CODE_SIGN_STYLE = Automatic;
				CURRENT_PROJECT_VERSION = 1;
				DEVELOPMENT_TEAM = 6N3JPZKBPF;
				GENERATE_INFOPLIST_FILE = YES;
				INFOPLIST_FILE = CoreDataApp/Info.plist;
				INFOPLIST_KEY_UIApplicationSupportsIndirectInputEvents = YES;
				INFOPLIST_KEY_UILaunchStoryboardName = LaunchScreen;
				INFOPLIST_KEY_UIMainStoryboardFile = Main;
				INFOPLIST_KEY_UISupportedInterfaceOrientations_iPad = "UIInterfaceOrientationPortrait UIInterfaceOrientationPortraitUpsideDown UIInterfaceOrientationLandscapeLeft UIInterfaceOrientationLandscapeRight";
				INFOPLIST_KEY_UISupportedInterfaceOrientations_iPhone = "UIInterfaceOrientationPortrait UIInterfaceOrientationLandscapeLeft UIInterfaceOrientationLandscapeRight";
				LD_RUNPATH_SEARCH_PATHS = (
					"$(inherited)",
					"@executable_path/Frameworks",
				);
				MARKETING_VERSION = 1.0;
				PRODUCT_BUNDLE_IDENTIFIER = shved.CoreDataApp;
				PRODUCT_NAME = "$(TARGET_NAME)";
				SWIFT_EMIT_LOC_STRINGS = YES;
				SWIFT_VERSION = 5.0;
				TARGETED_DEVICE_FAMILY = "1,2";
			};
			name = Debug;
		};
		FA75D7AD2AE9A2F8003D5C2A /* Release */ = {
			isa = XCBuildConfiguration;
			buildSettings = {
				ASSETCATALOG_COMPILER_APPICON_NAME = AppIcon;
				ASSETCATALOG_COMPILER_GLOBAL_ACCENT_COLOR_NAME = AccentColor;
				CODE_SIGN_STYLE = Automatic;
				CURRENT_PROJECT_VERSION = 1;
				DEVELOPMENT_TEAM = 6N3JPZKBPF;
				GENERATE_INFOPLIST_FILE = YES;
				INFOPLIST_FILE = CoreDataApp/Info.plist;
				INFOPLIST_KEY_UIApplicationSupportsIndirectInputEvents = YES;
				INFOPLIST_KEY_UILaunchStoryboardName = LaunchScreen;
				INFOPLIST_KEY_UIMainStoryboardFile = Main;
				INFOPLIST_KEY_UISupportedInterfaceOrientations_iPad = "UIInterfaceOrientationPortrait UIInterfaceOrientationPortraitUpsideDown UIInterfaceOrientationLandscapeLeft UIInterfaceOrientationLandscapeRight";
				INFOPLIST_KEY_UISupportedInterfaceOrientations_iPhone = "UIInterfaceOrientationPortrait UIInterfaceOrientationLandscapeLeft UIInterfaceOrientationLandscapeRight";
				LD_RUNPATH_SEARCH_PATHS = (
					"$(inherited)",
					"@executable_path/Frameworks",
				);
				MARKETING_VERSION = 1.0;
				PRODUCT_BUNDLE_IDENTIFIER = shved.CoreDataApp;
				PRODUCT_NAME = "$(TARGET_NAME)";
				SWIFT_EMIT_LOC_STRINGS = YES;
				SWIFT_VERSION = 5.0;
				TARGETED_DEVICE_FAMILY = "1,2";
			};
			name = Release;
		};
/* End XCBuildConfiguration section */

/* Begin XCConfigurationList section */
		FA75D78F2AE9A2F4003D5C2A /* Build configuration list for PBXProject "CoreDataApp" */ = {
			isa = XCConfigurationList;
			buildConfigurations = (
				FA75D7A92AE9A2F8003D5C2A /* Debug */,
				FA75D7AA2AE9A2F8003D5C2A /* Release */,
			);
			defaultConfigurationIsVisible = 0;
			defaultConfigurationName = Release;
		};
		FA75D7AB2AE9A2F8003D5C2A /* Build configuration list for PBXNativeTarget "CoreDataApp" */ = {
			isa = XCConfigurationList;
			buildConfigurations = (
				FA75D7AC2AE9A2F8003D5C2A /* Debug */,
				FA75D7AD2AE9A2F8003D5C2A /* Release */,
			);
			defaultConfigurationIsVisible = 0;
			defaultConfigurationName = Release;
		};
/* End XCConfigurationList section */

/* Begin XCVersionGroup section */
		FA75D7A02AE9A2F4003D5C2A /* CoreDataApp.xcdatamodeld */ = {
			isa = XCVersionGroup;
			children = (
				FA75D7A12AE9A2F4003D5C2A /* CoreDataApp.xcdatamodel */,
			);
			currentVersion = FA75D7A12AE9A2F4003D5C2A /* CoreDataApp.xcdatamodel */;
			path = CoreDataApp.xcdatamodeld;
			sourceTree = "<group>";
			versionGroupType = wrapper.xcdatamodel;
		};
/* End XCVersionGroup section */
	};
	rootObject = FA75D78C2AE9A2F4003D5C2A /* Project object */;
}
